{
    "version": 3,
    "terraform_version": "0.11.1",
    "serial": 16,
    "lineage": "0e0e4b24-51a5-4d9e-9c2e-1b786f9d7b68",
    "modules": [
        {
            "path": [
                "root"
            ],
            "outputs": {},
            "resources": {
                "aws_db_parameter_group.sonarqube-db-pg": {
                    "type": "aws_db_parameter_group",
                    "depends_on": [],
                    "primary": {
                        "id": "sonarqube-db-pg",
                        "attributes": {
                            "arn": "arn:aws:rds:us-east-1:513341631207:pg:sonarqube-db-pg",
                            "description": "Managed by Terraform",
                            "family": "mysql5.7",
                            "id": "sonarqube-db-pg",
                            "name": "sonarqube-db-pg",
                            "parameter.#": "0",
                            "tags.%": "0"
                        },
                        "meta": {},
                        "tainted": false
                    },
                    "deposed": [],
                    "provider": "provider.aws"
                },
                "aws_db_subnet_group.SonarQube-DBSNG": {
                    "type": "aws_db_subnet_group",
                    "depends_on": [
                        "aws_subnet.Corp-Private-1a",
                        "aws_subnet.Corp-Private-1b"
                    ],
                    "primary": {
                        "id": "sonarqube-dbsng",
                        "attributes": {
                            "arn": "arn:aws:rds:us-east-1:513341631207:subgrp:sonarqube-dbsng",
                            "description": "Managed by Terraform",
                            "id": "sonarqube-dbsng",
                            "name": "sonarqube-dbsng",
                            "subnet_ids.#": "2",
                            "subnet_ids.2335433567": "subnet-e1f822bc",
                            "subnet_ids.4026277214": "subnet-62730606",
                            "tags.%": "2",
                            "tags.Environment": "Corp",
                            "tags.Name": "SonarQube-DB"
                        },
                        "meta": {},
                        "tainted": false
                    },
                    "deposed": [],
                    "provider": "provider.aws"
                },
                "aws_instance.SonarQube-Web": {
                    "type": "aws_instance",
                    "depends_on": [
                        "aws_db_instance.sonarqube-db",
                        "aws_security_group.sonarqube-sg",
                        "aws_subnet.Corp-Public-1a"
                    ],
                    "primary": {
                        "id": "i-0fbb8241af35bb0b1",
                        "attributes": {
                            "ami": "ami-55ef662f",
                            "associate_public_ip_address": "true",
                            "availability_zone": "us-east-1a",
                            "disable_api_termination": "true",
                            "ebs_block_device.#": "0",
                            "ebs_optimized": "false",
                            "ephemeral_block_device.#": "0",
                            "iam_instance_profile": "",
                            "id": "i-0fbb8241af35bb0b1",
                            "instance_state": "running",
                            "instance_type": "t2.medium",
                            "ipv6_addresses.#": "0",
                            "key_name": "SonarQubeKey",
                            "monitoring": "true",
                            "network_interface.#": "0",
                            "network_interface_id": "eni-47577fce",
                            "placement_group": "",
                            "primary_network_interface_id": "eni-47577fce",
                            "private_dns": "ip-10-0-3-86.ec2.internal",
                            "private_ip": "10.0.3.86",
                            "public_dns": "",
                            "public_ip": "35.153.15.94",
                            "root_block_device.#": "1",
                            "root_block_device.0.delete_on_termination": "false",
                            "root_block_device.0.iops": "300",
                            "root_block_device.0.volume_size": "100",
                            "root_block_device.0.volume_type": "gp2",
                            "security_groups.#": "0",
                            "source_dest_check": "true",
                            "subnet_id": "subnet-d0f2288d",
                            "tags.%": "2",
                            "tags.Environment": "Corp",
                            "tags.Name": "SonarQube",
                            "tenancy": "default",
                            "user_data": "dfe97bf66fc57fd6845d734253802f11c251e274",
                            "volume_tags.%": "0",
                            "vpc_security_group_ids.#": "1",
                            "vpc_security_group_ids.3200159812": "sg-3fb6dd4a"
                        },
                        "meta": {
                            "e2bfb730-ecaa-11e6-8f88-34363bc7c4c0": {
                                "create": 600000000000,
                                "delete": 600000000000,
                                "update": 600000000000
                            },
                            "schema_version": "1"
                        },
                        "tainted": false
                    },
                    "deposed": [],
                    "provider": "provider.aws"
                },
                "aws_security_group.sonarqube-sg": {
                    "type": "aws_security_group",
                    "depends_on": [
                        "aws_subnet.Corp-Private-1a",
                        "aws_vpc.corp"
                    ],
                    "primary": {
                        "id": "sg-3fb6dd4a",
                        "attributes": {
                            "description": "Only corporate traffic to SonarQube",
                            "egress.#": "1",
                            "egress.482069346.cidr_blocks.#": "1",
                            "egress.482069346.cidr_blocks.0": "0.0.0.0/0",
                            "egress.482069346.description": "",
                            "egress.482069346.from_port": "0",
                            "egress.482069346.ipv6_cidr_blocks.#": "0",
                            "egress.482069346.prefix_list_ids.#": "0",
                            "egress.482069346.protocol": "-1",
                            "egress.482069346.security_groups.#": "0",
                            "egress.482069346.self": "false",
                            "egress.482069346.to_port": "0",
                            "id": "sg-3fb6dd4a",
                            "ingress.#": "4",
                            "ingress.1199970323.cidr_blocks.#": "3",
                            "ingress.1199970323.cidr_blocks.0": "38.140.26.74/32",
                            "ingress.1199970323.cidr_blocks.1": "209.210.189.44/32",
                            "ingress.1199970323.cidr_blocks.2": "24.242.83.77/32",
                            "ingress.1199970323.description": "",
                            "ingress.1199970323.from_port": "9276",
                            "ingress.1199970323.ipv6_cidr_blocks.#": "0",
                            "ingress.1199970323.protocol": "tcp",
                            "ingress.1199970323.security_groups.#": "0",
                            "ingress.1199970323.self": "false",
                            "ingress.1199970323.to_port": "9276",
                            "ingress.49215319.cidr_blocks.#": "3",
                            "ingress.49215319.cidr_blocks.0": "38.140.26.74/32",
                            "ingress.49215319.cidr_blocks.1": "209.210.189.44/32",
                            "ingress.49215319.cidr_blocks.2": "24.242.83.77/32",
                            "ingress.49215319.description": "",
                            "ingress.49215319.from_port": "22",
                            "ingress.49215319.ipv6_cidr_blocks.#": "0",
                            "ingress.49215319.protocol": "tcp",
                            "ingress.49215319.security_groups.#": "0",
                            "ingress.49215319.self": "false",
                            "ingress.49215319.to_port": "22",
                            "ingress.635697000.cidr_blocks.#": "3",
                            "ingress.635697000.cidr_blocks.0": "38.140.26.74/32",
                            "ingress.635697000.cidr_blocks.1": "209.210.189.44/32",
                            "ingress.635697000.cidr_blocks.2": "24.242.83.77/32",
                            "ingress.635697000.description": "",
                            "ingress.635697000.from_port": "2879",
                            "ingress.635697000.ipv6_cidr_blocks.#": "0",
                            "ingress.635697000.protocol": "tcp",
                            "ingress.635697000.security_groups.#": "0",
                            "ingress.635697000.self": "false",
                            "ingress.635697000.to_port": "2879",
                            "ingress.692719458.cidr_blocks.#": "1",
                            "ingress.692719458.cidr_blocks.0": "24.242.83.77/32",
                            "ingress.692719458.description": "",
                            "ingress.692719458.from_port": "9000",
                            "ingress.692719458.ipv6_cidr_blocks.#": "0",
                            "ingress.692719458.protocol": "tcp",
                            "ingress.692719458.security_groups.#": "0",
                            "ingress.692719458.self": "false",
                            "ingress.692719458.to_port": "9000",
                            "name": "sonarqube-sg",
                            "owner_id": "513341631207",
                            "revoke_rules_on_delete": "false",
                            "tags.%": "0",
                            "vpc_id": "vpc-20bbd158"
                        },
                        "meta": {
                            "schema_version": "1"
                        },
                        "tainted": false
                    },
                    "deposed": [],
                    "provider": "provider.aws"
                },
                "aws_subnet.Corp-Private-1a": {
                    "type": "aws_subnet",
                    "depends_on": [
                        "aws_vpc.corp"
                    ],
                    "primary": {
                        "id": "subnet-e1f822bc",
                        "attributes": {
                            "assign_ipv6_address_on_creation": "false",
                            "availability_zone": "us-east-1a",
                            "cidr_block": "10.0.1.0/24",
                            "id": "subnet-e1f822bc",
                            "map_public_ip_on_launch": "false",
                            "tags.%": "2",
                            "tags.Environment": "Corp",
                            "tags.Name": "Corp Private",
                            "vpc_id": "vpc-20bbd158"
                        },
                        "meta": {
                            "schema_version": "1"
                        },
                        "tainted": false
                    },
                    "deposed": [],
                    "provider": "provider.aws"
                },
                "aws_subnet.Corp-Private-1b": {
                    "type": "aws_subnet",
                    "depends_on": [
                        "aws_vpc.corp"
                    ],
                    "primary": {
                        "id": "subnet-62730606",
                        "attributes": {
                            "assign_ipv6_address_on_creation": "false",
                            "availability_zone": "us-east-1b",
                            "cidr_block": "10.0.2.0/24",
                            "id": "subnet-62730606",
                            "map_public_ip_on_launch": "false",
                            "tags.%": "2",
                            "tags.Environment": "Corp",
                            "tags.Name": "Corp Private",
                            "vpc_id": "vpc-20bbd158"
                        },
                        "meta": {
                            "schema_version": "1"
                        },
                        "tainted": false
                    },
                    "deposed": [],
                    "provider": "provider.aws"
                },
                "aws_subnet.Corp-Public-1a": {
                    "type": "aws_subnet",
                    "depends_on": [
                        "aws_vpc.corp"
                    ],
                    "primary": {
                        "id": "subnet-d0f2288d",
                        "attributes": {
                            "assign_ipv6_address_on_creation": "false",
                            "availability_zone": "us-east-1a",
                            "cidr_block": "10.0.3.0/24",
                            "id": "subnet-d0f2288d",
                            "map_public_ip_on_launch": "false",
                            "tags.%": "2",
                            "tags.Environment": "Corp",
                            "tags.Name": "Corp Public",
                            "vpc_id": "vpc-20bbd158"
                        },
                        "meta": {
                            "schema_version": "1"
                        },
                        "tainted": false
                    },
                    "deposed": [],
                    "provider": "provider.aws"
                },
                "aws_vpc.corp": {
                    "type": "aws_vpc",
                    "depends_on": [],
                    "primary": {
                        "id": "vpc-20bbd158",
                        "attributes": {
                            "assign_generated_ipv6_cidr_block": "false",
                            "cidr_block": "10.0.0.0/21",
                            "default_network_acl_id": "acl-22c23559",
                            "default_route_table_id": "rtb-7d2c3007",
                            "default_security_group_id": "sg-993b53ec",
                            "dhcp_options_id": "dopt-da40cebf",
                            "enable_classiclink": "false",
                            "enable_classiclink_dns_support": "false",
                            "enable_dns_hostnames": "false",
                            "enable_dns_support": "true",
                            "id": "vpc-20bbd158",
                            "instance_tenancy": "default",
                            "main_route_table_id": "rtb-7d2c3007",
                            "tags.%": "2",
                            "tags.Environment": "Corp",
                            "tags.Name": "Corp VPC"
                        },
                        "meta": {
                            "schema_version": "1"
                        },
                        "tainted": false
                    },
                    "deposed": [],
                    "provider": "provider.aws"
                }
            },
            "depends_on": []
        }
    ]
}
