{
    "version": 3,
    "terraform_version": "0.11.1",
    "serial": 2,
    "lineage": "0e0e4b24-51a5-4d9e-9c2e-1b786f9d7b68",
    "modules": [
        {
            "path": [
                "root"
            ],
            "outputs": {},
            "resources": {
                "aws_db_subnet_group.SonarQube-DBSNG": {
                    "type": "aws_db_subnet_group",
                    "depends_on": [
                        "aws_subnet.Corp-Private-1a",
                        "aws_subnet.Corp-Private-1b"
                    ],
                    "primary": {
                        "id": "sonarqube-dbsng",
                        "attributes": {
                            "arn": "arn:aws:rds:us-east-1:513341631207:subgrp:sonarqube-dbsng",
                            "description": "Managed by Terraform",
                            "id": "sonarqube-dbsng",
                            "name": "sonarqube-dbsng",
                            "subnet_ids.#": "2",
                            "subnet_ids.2489025526": "subnet-bb7207df",
                            "subnet_ids.2886144295": "subnet-16c71d4b",
                            "tags.%": "2",
                            "tags.Environment": "Corp",
                            "tags.Name": "SonarQube-DB"
                        },
                        "meta": {},
                        "tainted": false
                    },
                    "deposed": [],
                    "provider": "provider.aws"
                },
                "aws_internet_gateway.corp-igw": {
                    "type": "aws_internet_gateway",
                    "depends_on": [
                        "aws_vpc.corp"
                    ],
                    "primary": {
                        "id": "igw-c24823bb",
                        "attributes": {
                            "id": "igw-c24823bb",
                            "tags.%": "2",
                            "tags.Envrionment": "Corp",
                            "tags.Name": "Crop Internet Gateway",
                            "vpc_id": "vpc-e3bbd19b"
                        },
                        "meta": {},
                        "tainted": false
                    },
                    "deposed": [],
                    "provider": "provider.aws"
                },
                "aws_route_table.corp-public-rt": {
                    "type": "aws_route_table",
                    "depends_on": [
                        "aws_internet_gateway.corp-igw",
                        "aws_vpc.corp"
                    ],
                    "primary": {
                        "id": "rtb-9b3c20e1",
                        "attributes": {
                            "id": "rtb-9b3c20e1",
                            "propagating_vgws.#": "0",
                            "route.#": "1",
                            "route.2102601062.cidr_block": "0.0.0.0/0",
                            "route.2102601062.egress_only_gateway_id": "",
                            "route.2102601062.gateway_id": "igw-c24823bb",
                            "route.2102601062.instance_id": "",
                            "route.2102601062.ipv6_cidr_block": "",
                            "route.2102601062.nat_gateway_id": "",
                            "route.2102601062.network_interface_id": "",
                            "route.2102601062.vpc_peering_connection_id": "",
                            "tags.%": "0",
                            "vpc_id": "vpc-e3bbd19b"
                        },
                        "meta": {},
                        "tainted": false
                    },
                    "deposed": [],
                    "provider": "provider.aws"
                },
                "aws_security_group.sonarqube-sg": {
                    "type": "aws_security_group",
                    "depends_on": [
                        "aws_subnet.Corp-Private-1a",
                        "aws_vpc.corp"
                    ],
                    "primary": {
                        "id": "sg-2bd5bc5e",
                        "attributes": {
                            "description": "Only corporate traffic to SonarQube",
                            "egress.#": "1",
                            "egress.3483629482.cidr_blocks.#": "1",
                            "egress.3483629482.cidr_blocks.0": "0.0.0.0/0",
                            "egress.3483629482.description": "",
                            "egress.3483629482.from_port": "0",
                            "egress.3483629482.ipv6_cidr_blocks.#": "0",
                            "egress.3483629482.prefix_list_ids.#": "0",
                            "egress.3483629482.protocol": "tcp",
                            "egress.3483629482.security_groups.#": "0",
                            "egress.3483629482.self": "false",
                            "egress.3483629482.to_port": "0",
                            "id": "sg-2bd5bc5e",
                            "ingress.#": "3",
                            "ingress.1199970323.cidr_blocks.#": "3",
                            "ingress.1199970323.cidr_blocks.0": "38.140.26.74/32",
                            "ingress.1199970323.cidr_blocks.1": "209.210.189.44/32",
                            "ingress.1199970323.cidr_blocks.2": "24.242.83.77/32",
                            "ingress.1199970323.description": "",
                            "ingress.1199970323.from_port": "9276",
                            "ingress.1199970323.ipv6_cidr_blocks.#": "0",
                            "ingress.1199970323.protocol": "tcp",
                            "ingress.1199970323.security_groups.#": "0",
                            "ingress.1199970323.self": "false",
                            "ingress.1199970323.to_port": "9276",
                            "ingress.49215319.cidr_blocks.#": "3",
                            "ingress.49215319.cidr_blocks.0": "38.140.26.74/32",
                            "ingress.49215319.cidr_blocks.1": "209.210.189.44/32",
                            "ingress.49215319.cidr_blocks.2": "24.242.83.77/32",
                            "ingress.49215319.description": "",
                            "ingress.49215319.from_port": "22",
                            "ingress.49215319.ipv6_cidr_blocks.#": "0",
                            "ingress.49215319.protocol": "tcp",
                            "ingress.49215319.security_groups.#": "0",
                            "ingress.49215319.self": "false",
                            "ingress.49215319.to_port": "22",
                            "ingress.635697000.cidr_blocks.#": "3",
                            "ingress.635697000.cidr_blocks.0": "38.140.26.74/32",
                            "ingress.635697000.cidr_blocks.1": "209.210.189.44/32",
                            "ingress.635697000.cidr_blocks.2": "24.242.83.77/32",
                            "ingress.635697000.description": "",
                            "ingress.635697000.from_port": "2879",
                            "ingress.635697000.ipv6_cidr_blocks.#": "0",
                            "ingress.635697000.protocol": "tcp",
                            "ingress.635697000.security_groups.#": "0",
                            "ingress.635697000.self": "false",
                            "ingress.635697000.to_port": "2879",
                            "name": "sonarqube-sg",
                            "owner_id": "513341631207",
                            "revoke_rules_on_delete": "false",
                            "tags.%": "0",
                            "vpc_id": "vpc-e3bbd19b"
                        },
                        "meta": {
                            "schema_version": "1"
                        },
                        "tainted": false
                    },
                    "deposed": [],
                    "provider": "provider.aws"
                },
                "aws_subnet.Corp-Private-1a": {
                    "type": "aws_subnet",
                    "depends_on": [
                        "aws_vpc.corp"
                    ],
                    "primary": {
                        "id": "subnet-16c71d4b",
                        "attributes": {
                            "assign_ipv6_address_on_creation": "false",
                            "availability_zone": "us-east-1a",
                            "cidr_block": "10.0.1.0/24",
                            "id": "subnet-16c71d4b",
                            "map_public_ip_on_launch": "false",
                            "tags.%": "2",
                            "tags.Environment": "Corp",
                            "tags.Name": "Corp Private",
                            "vpc_id": "vpc-e3bbd19b"
                        },
                        "meta": {
                            "schema_version": "1"
                        },
                        "tainted": false
                    },
                    "deposed": [],
                    "provider": "provider.aws"
                },
                "aws_subnet.Corp-Private-1b": {
                    "type": "aws_subnet",
                    "depends_on": [
                        "aws_vpc.corp"
                    ],
                    "primary": {
                        "id": "subnet-bb7207df",
                        "attributes": {
                            "assign_ipv6_address_on_creation": "false",
                            "availability_zone": "us-east-1b",
                            "cidr_block": "10.0.2.0/24",
                            "id": "subnet-bb7207df",
                            "map_public_ip_on_launch": "false",
                            "tags.%": "2",
                            "tags.Environment": "Corp",
                            "tags.Name": "Corp Private",
                            "vpc_id": "vpc-e3bbd19b"
                        },
                        "meta": {
                            "schema_version": "1"
                        },
                        "tainted": false
                    },
                    "deposed": [],
                    "provider": "provider.aws"
                },
                "aws_vpc.corp": {
                    "type": "aws_vpc",
                    "depends_on": [],
                    "primary": {
                        "id": "vpc-e3bbd19b",
                        "attributes": {
                            "assign_generated_ipv6_cidr_block": "false",
                            "cidr_block": "10.0.0.0/21",
                            "default_network_acl_id": "acl-19c13662",
                            "default_route_table_id": "rtb-17011d6d",
                            "default_security_group_id": "sg-0ed3ba7b",
                            "dhcp_options_id": "dopt-da40cebf",
                            "enable_classiclink": "false",
                            "enable_classiclink_dns_support": "false",
                            "enable_dns_hostnames": "false",
                            "enable_dns_support": "true",
                            "id": "vpc-e3bbd19b",
                            "instance_tenancy": "default",
                            "main_route_table_id": "rtb-17011d6d",
                            "tags.%": "2",
                            "tags.Environment": "Corp",
                            "tags.Name": "Corp VPC"
                        },
                        "meta": {
                            "schema_version": "1"
                        },
                        "tainted": false
                    },
                    "deposed": [],
                    "provider": "provider.aws"
                }
            },
            "depends_on": []
        }
    ]
}
